// !$*UTF8*$!
{
	archiveVersion = 1;
	classes = {
	};
	objectVersion = 46;
	objects = {

/* Begin PBXBuildFile section */
		8C65765E1AE24453003A4391 /* AppDelegate.swift in Sources */ = {isa = PBXBuildFile; fileRef = 8C65765D1AE24453003A4391 /* AppDelegate.swift */; };
		8C6576601AE24453003A4391 /* ViewController.swift in Sources */ = {isa = PBXBuildFile; fileRef = 8C65765F1AE24453003A4391 /* ViewController.swift */; };
		8C6576631AE24453003A4391 /* Main.storyboard in Resources */ = {isa = PBXBuildFile; fileRef = 8C6576611AE24453003A4391 /* Main.storyboard */; };
		8C6576651AE24453003A4391 /* Images.xcassets in Resources */ = {isa = PBXBuildFile; fileRef = 8C6576641AE24453003A4391 /* Images.xcassets */; };
		8C6576681AE24453003A4391 /* LaunchScreen.xib in Resources */ = {isa = PBXBuildFile; fileRef = 8C6576661AE24453003A4391 /* LaunchScreen.xib */; };
		8C6576741AE24454003A4391 /* AriaTests.swift in Sources */ = {isa = PBXBuildFile; fileRef = 8C6576731AE24454003A4391 /* AriaTests.swift */; };
		8C65767E1AE2474E003A4391 /* ExpenseDB.swift in Sources */ = {isa = PBXBuildFile; fileRef = 8C65767D1AE2474E003A4391 /* ExpenseDB.swift */; };
		8C6576801AE813E3003A4391 /* AddExpenseViewController.swift in Sources */ = {isa = PBXBuildFile; fileRef = 8C65767F1AE813E3003A4391 /* AddExpenseViewController.swift */; };
		8C6576821AE84F2E003A4391 /* exepenseDB.db in Resources */ = {isa = PBXBuildFile; fileRef = 8C6576811AE84F2E003A4391 /* exepenseDB.db */; };
		8C68AEB01AEA69F000CC5DD1 /* ExpenseHistoryTableViewController.swift in Sources */ = {isa = PBXBuildFile; fileRef = 8C68AEAF1AEA69F000CC5DD1 /* ExpenseHistoryTableViewController.swift */; };
		8CBA24EB1AEECDB400B3289E /* CurrentStatusViewController.swift in Sources */ = {isa = PBXBuildFile; fileRef = 8CBA24EA1AEECDB400B3289E /* CurrentStatusViewController.swift */; };
		AD8BADF8E56A2350EAAB7526 /* libPods-Aria.a in Frameworks */ = {isa = PBXBuildFile; fileRef = 77B4EA386B1E61D387F20C75 /* libPods-Aria.a */; };
/* End PBXBuildFile section */

/* Begin PBXContainerItemProxy section */
		8C65766E1AE24454003A4391 /* PBXContainerItemProxy */ = {
			isa = PBXContainerItemProxy;
			containerPortal = 8C6576501AE24453003A4391 /* Project object */;
			proxyType = 1;
			remoteGlobalIDString = 8C6576571AE24453003A4391;
			remoteInfo = Aria;
		};
/* End PBXContainerItemProxy section */

/* Begin PBXFileReference section */
		2CFCFEB4C584709E99E5BC4E /* Pods-Aria.release.xcconfig */ = {isa = PBXFileReference; includeInIndex = 1; lastKnownFileType = text.xcconfig; name = "Pods-Aria.release.xcconfig"; path = "Pods/Target Support Files/Pods-Aria/Pods-Aria.release.xcconfig"; sourceTree = "<group>"; };
		77B4EA386B1E61D387F20C75 /* libPods-Aria.a */ = {isa = PBXFileReference; explicitFileType = archive.ar; includeInIndex = 0; path = "libPods-Aria.a"; sourceTree = BUILT_PRODUCTS_DIR; };
		8C6576581AE24453003A4391 /* Aria.app */ = {isa = PBXFileReference; explicitFileType = wrapper.application; includeInIndex = 0; path = Aria.app; sourceTree = BUILT_PRODUCTS_DIR; };
		8C65765C1AE24453003A4391 /* Info.plist */ = {isa = PBXFileReference; lastKnownFileType = text.plist.xml; path = Info.plist; sourceTree = "<group>"; };
		8C65765D1AE24453003A4391 /* AppDelegate.swift */ = {isa = PBXFileReference; lastKnownFileType = sourcecode.swift; path = AppDelegate.swift; sourceTree = "<group>"; };
		8C65765F1AE24453003A4391 /* ViewController.swift */ = {isa = PBXFileReference; lastKnownFileType = sourcecode.swift; path = ViewController.swift; sourceTree = "<group>"; };
		8C6576621AE24453003A4391 /* Base */ = {isa = PBXFileReference; lastKnownFileType = file.storyboard; name = Base; path = Base.lproj/Main.storyboard; sourceTree = "<group>"; };
		8C6576641AE24453003A4391 /* Images.xcassets */ = {isa = PBXFileReference; lastKnownFileType = folder.assetcatalog; path = Images.xcassets; sourceTree = "<group>"; };
		8C6576671AE24453003A4391 /* Base */ = {isa = PBXFileReference; lastKnownFileType = file.xib; name = Base; path = Base.lproj/LaunchScreen.xib; sourceTree = "<group>"; };
		8C65766D1AE24454003A4391 /* AriaTests.xctest */ = {isa = PBXFileReference; explicitFileType = wrapper.cfbundle; includeInIndex = 0; path = AriaTests.xctest; sourceTree = BUILT_PRODUCTS_DIR; };
		8C6576721AE24454003A4391 /* Info.plist */ = {isa = PBXFileReference; lastKnownFileType = text.plist.xml; path = Info.plist; sourceTree = "<group>"; };
		8C6576731AE24454003A4391 /* AriaTests.swift */ = {isa = PBXFileReference; lastKnownFileType = sourcecode.swift; path = AriaTests.swift; sourceTree = "<group>"; };
		8C65767D1AE2474E003A4391 /* ExpenseDB.swift */ = {isa = PBXFileReference; fileEncoding = 4; lastKnownFileType = sourcecode.swift; path = ExpenseDB.swift; sourceTree = "<group>"; };
		8C65767F1AE813E3003A4391 /* AddExpenseViewController.swift */ = {isa = PBXFileReference; fileEncoding = 4; lastKnownFileType = sourcecode.swift; path = AddExpenseViewController.swift; sourceTree = "<group>"; };
		8C6576811AE84F2E003A4391 /* exepenseDB.db */ = {isa = PBXFileReference; lastKnownFileType = file; path = exepenseDB.db; sourceTree = "<group>"; };
		8C68AEAF1AEA69F000CC5DD1 /* ExpenseHistoryTableViewController.swift */ = {isa = PBXFileReference; fileEncoding = 4; lastKnownFileType = sourcecode.swift; path = ExpenseHistoryTableViewController.swift; sourceTree = "<group>"; };
		8C68AEB11AEE553E00CC5DD1 /* Aria-Bridging-Header.h */ = {isa = PBXFileReference; fileEncoding = 4; lastKnownFileType = sourcecode.c.h; path = "Aria-Bridging-Header.h"; sourceTree = "<group>"; };
		8CBA24EA1AEECDB400B3289E /* CurrentStatusViewController.swift */ = {isa = PBXFileReference; fileEncoding = 4; lastKnownFileType = sourcecode.swift; name = CurrentStatusViewController.swift; path = ../CurrentStatusViewController.swift; sourceTree = "<group>"; };
		DE9CB6AD9D6686A1D47CA891 /* Pods-Aria.debug.xcconfig */ = {isa = PBXFileReference; includeInIndex = 1; lastKnownFileType = text.xcconfig; name = "Pods-Aria.debug.xcconfig"; path = "Pods/Target Support Files/Pods-Aria/Pods-Aria.debug.xcconfig"; sourceTree = "<group>"; };
/* End PBXFileReference section */

/* Begin PBXFrameworksBuildPhase section */
		8C6576551AE24453003A4391 /* Frameworks */ = {
			isa = PBXFrameworksBuildPhase;
			buildActionMask = 2147483647;
			files = (
				AD8BADF8E56A2350EAAB7526 /* libPods-Aria.a in Frameworks */,
			);
			runOnlyForDeploymentPostprocessing = 0;
		};
		8C65766A1AE24454003A4391 /* Frameworks */ = {
			isa = PBXFrameworksBuildPhase;
			buildActionMask = 2147483647;
			files = (
			);
			runOnlyForDeploymentPostprocessing = 0;
		};
/* End PBXFrameworksBuildPhase section */

/* Begin PBXGroup section */
		35D17E85C27DF4F911C0F769 /* Frameworks */ = {
			isa = PBXGroup;
			children = (
				77B4EA386B1E61D387F20C75 /* libPods-Aria.a */,
			);
			name = Frameworks;
			sourceTree = "<group>";
		};
		8C65764F1AE24453003A4391 = {
			isa = PBXGroup;
			children = (
				8C65765A1AE24453003A4391 /* Aria */,
				8C6576701AE24454003A4391 /* AriaTests */,
				8C6576591AE24453003A4391 /* Products */,
				BC8F68785C21C9658CABDEB0 /* Pods */,
				35D17E85C27DF4F911C0F769 /* Frameworks */,
			);
			sourceTree = "<group>";
		};
		8C6576591AE24453003A4391 /* Products */ = {
			isa = PBXGroup;
			children = (
				8C6576581AE24453003A4391 /* Aria.app */,
				8C65766D1AE24454003A4391 /* AriaTests.xctest */,
			);
			name = Products;
			sourceTree = "<group>";
		};
		8C65765A1AE24453003A4391 /* Aria */ = {
			isa = PBXGroup;
			children = (
				8C6576811AE84F2E003A4391 /* exepenseDB.db */,
				8CBA24EA1AEECDB400B3289E /* CurrentStatusViewController.swift */,
				8C65765D1AE24453003A4391 /* AppDelegate.swift */,
				8C65765F1AE24453003A4391 /* ViewController.swift */,
				8C6576611AE24453003A4391 /* Main.storyboard */,
				8C6576641AE24453003A4391 /* Images.xcassets */,
				8C6576661AE24453003A4391 /* LaunchScreen.xib */,
				8C65765B1AE24453003A4391 /* Supporting Files */,
				8C65767D1AE2474E003A4391 /* ExpenseDB.swift */,
				8C65767F1AE813E3003A4391 /* AddExpenseViewController.swift */,
				8C68AEAF1AEA69F000CC5DD1 /* ExpenseHistoryTableViewController.swift */,
				8C68AEB11AEE553E00CC5DD1 /* Aria-Bridging-Header.h */,
			);
			path = Aria;
			sourceTree = "<group>";
		};
		8C65765B1AE24453003A4391 /* Supporting Files */ = {
			isa = PBXGroup;
			children = (
				8C65765C1AE24453003A4391 /* Info.plist */,
			);
			name = "Supporting Files";
			sourceTree = "<group>";
		};
		8C6576701AE24454003A4391 /* AriaTests */ = {
			isa = PBXGroup;
			children = (
				8C6576731AE24454003A4391 /* AriaTests.swift */,
				8C6576711AE24454003A4391 /* Supporting Files */,
			);
			path = AriaTests;
			sourceTree = "<group>";
		};
		8C6576711AE24454003A4391 /* Supporting Files */ = {
			isa = PBXGroup;
			children = (
				8C6576721AE24454003A4391 /* Info.plist */,
			);
			name = "Supporting Files";
			sourceTree = "<group>";
		};
		BC8F68785C21C9658CABDEB0 /* Pods */ = {
			isa = PBXGroup;
			children = (
				DE9CB6AD9D6686A1D47CA891 /* Pods-Aria.debug.xcconfig */,
				2CFCFEB4C584709E99E5BC4E /* Pods-Aria.release.xcconfig */,
			);
			name = Pods;
			sourceTree = "<group>";
		};
/* End PBXGroup section */

/* Begin PBXNativeTarget section */
		8C6576571AE24453003A4391 /* Aria */ = {
			isa = PBXNativeTarget;
			buildConfigurationList = 8C6576771AE24454003A4391 /* Build configuration list for PBXNativeTarget "Aria" */;
			buildPhases = (
				CACE655B2988836E2DA6FC4A /* Check Pods Manifest.lock */,
				8C6576541AE24453003A4391 /* Sources */,
				8C6576551AE24453003A4391 /* Frameworks */,
				8C6576561AE24453003A4391 /* Resources */,
				52279D1E251053FC8428660A /* Copy Pods Resources */,
			);
			buildRules = (
			);
			dependencies = (
			);
			name = Aria;
			productName = Aria;
			productReference = 8C6576581AE24453003A4391 /* Aria.app */;
			productType = "com.apple.product-type.application";
		};
		8C65766C1AE24454003A4391 /* AriaTests */ = {
			isa = PBXNativeTarget;
			buildConfigurationList = 8C65767A1AE24454003A4391 /* Build configuration list for PBXNativeTarget "AriaTests" */;
			buildPhases = (
				8C6576691AE24454003A4391 /* Sources */,
				8C65766A1AE24454003A4391 /* Frameworks */,
				8C65766B1AE24454003A4391 /* Resources */,
			);
			buildRules = (
			);
			dependencies = (
				8C65766F1AE24454003A4391 /* PBXTargetDependency */,
			);
			name = AriaTests;
			productName = AriaTests;
			productReference = 8C65766D1AE24454003A4391 /* AriaTests.xctest */;
			productType = "com.apple.product-type.bundle.unit-test";
		};
/* End PBXNativeTarget section */

/* Begin PBXProject section */
		8C6576501AE24453003A4391 /* Project object */ = {
			isa = PBXProject;
			attributes = {
				LastUpgradeCheck = 0620;
				ORGANIZATIONNAME = OnBudget;
				TargetAttributes = {
					8C6576571AE24453003A4391 = {
						CreatedOnToolsVersion = 6.2;
					};
					8C65766C1AE24454003A4391 = {
						CreatedOnToolsVersion = 6.2;
						TestTargetID = 8C6576571AE24453003A4391;
					};
				};
			};
			buildConfigurationList = 8C6576531AE24453003A4391 /* Build configuration list for PBXProject "Aria" */;
			compatibilityVersion = "Xcode 3.2";
			developmentRegion = English;
			hasScannedForEncodings = 0;
			knownRegions = (
				en,
				Base,
			);
			mainGroup = 8C65764F1AE24453003A4391;
			productRefGroup = 8C6576591AE24453003A4391 /* Products */;
			projectDirPath = "";
			projectRoot = "";
			targets = (
				8C6576571AE24453003A4391 /* Aria */,
				8C65766C1AE24454003A4391 /* AriaTests */,
			);
		};
/* End PBXProject section */

/* Begin PBXResourcesBuildPhase section */
		8C6576561AE24453003A4391 /* Resources */ = {
			isa = PBXResourcesBuildPhase;
			buildActionMask = 2147483647;
			files = (
				8C6576821AE84F2E003A4391 /* exepenseDB.db in Resources */,
				8C6576631AE24453003A4391 /* Main.storyboard in Resources */,
				8C6576681AE24453003A4391 /* LaunchScreen.xib in Resources */,
				8C6576651AE24453003A4391 /* Images.xcassets in Resources */,
			);
			runOnlyForDeploymentPostprocessing = 0;
		};
		8C65766B1AE24454003A4391 /* Resources */ = {
			isa = PBXResourcesBuildPhase;
			buildActionMask = 2147483647;
			files = (
			);
			runOnlyForDeploymentPostprocessing = 0;
		};
/* End PBXResourcesBuildPhase section */

/* Begin PBXShellScriptBuildPhase section */
		52279D1E251053FC8428660A /* Copy Pods Resources */ = {
			isa = PBXShellScriptBuildPhase;
			buildActionMask = 2147483647;
			files = (
			);
			inputPaths = (
			);
			name = "Copy Pods Resources";
			outputPaths = (
			);
			runOnlyForDeploymentPostprocessing = 0;
			shellPath = /bin/sh;
			shellScript = "\"${SRCROOT}/Pods/Target Support Files/Pods-Aria/Pods-Aria-resources.sh\"\n";
			showEnvVarsInLog = 0;
		};
		CACE655B2988836E2DA6FC4A /* Check Pods Manifest.lock */ = {
			isa = PBXShellScriptBuildPhase;
			buildActionMask = 2147483647;
			files = (
			);
			inputPaths = (
			);
			name = "Check Pods Manifest.lock";
			outputPaths = (
			);
			runOnlyForDeploymentPostprocessing = 0;
			shellPath = /bin/sh;
			shellScript = "diff \"${PODS_ROOT}/../Podfile.lock\" \"${PODS_ROOT}/Manifest.lock\" > /dev/null\nif [[ $? != 0 ]] ; then\n    cat << EOM\nerror: The sandbox is not in sync with the Podfile.lock. Run 'pod install' or update your CocoaPods installation.\nEOM\n    exit 1\nfi\n";
			showEnvVarsInLog = 0;
		};
/* End PBXShellScriptBuildPhase section */

/* Begin PBXSourcesBuildPhase section */
		8C6576541AE24453003A4391 /* Sources */ = {
			isa = PBXSourcesBuildPhase;
			buildActionMask = 2147483647;
			files = (
				8C6576601AE24453003A4391 /* ViewController.swift in Sources */,
				8C6576801AE813E3003A4391 /* AddExpenseViewController.swift in Sources */,
				8C65765E1AE24453003A4391 /* AppDelegate.swift in Sources */,
				8CBA24EB1AEECDB400B3289E /* CurrentStatusViewController.swift in Sources */,
				8C65767E1AE2474E003A4391 /* ExpenseDB.swift in Sources */,
				8C68AEB01AEA69F000CC5DD1 /* ExpenseHistoryTableViewController.swift in Sources */,
			);
			runOnlyForDeploymentPostprocessing = 0;
		};
		8C6576691AE24454003A4391 /* Sources */ = {
			isa = PBXSourcesBuildPhase;
			buildActionMask = 2147483647;
			files = (
				8C6576741AE24454003A4391 /* AriaTests.swift in Sources */,
			);
			runOnlyForDeploymentPostprocessing = 0;
		};
/* End PBXSourcesBuildPhase section */

/* Begin PBXTargetDependency section */
		8C65766F1AE24454003A4391 /* PBXTargetDependency */ = {
			isa = PBXTargetDependency;
			target = 8C6576571AE24453003A4391 /* Aria */;
			targetProxy = 8C65766E1AE24454003A4391 /* PBXContainerItemProxy */;
		};
/* End PBXTargetDependency section */

/* Begin PBXVariantGroup section */
		8C6576611AE24453003A4391 /* Main.storyboard */ = {
			isa = PBXVariantGroup;
			children = (
				8C6576621AE24453003A4391 /* Base */,
			);
			name = Main.storyboard;
			sourceTree = "<group>";
		};
		8C6576661AE24453003A4391 /* LaunchScreen.xib */ = {
			isa = PBXVariantGroup;
			children = (
				8C6576671AE24453003A4391 /* Base */,
			);
			name = LaunchScreen.xib;
			sourceTree = "<group>";
		};
/* End PBXVariantGroup section */

/* Begin XCBuildConfiguration section */
		8C6576751AE24454003A4391 /* Debug */ = {
			isa = XCBuildConfiguration;
			buildSettings = {
				ALWAYS_SEARCH_USER_PATHS = NO;
				CLANG_CXX_LANGUAGE_STANDARD = "gnu++0x";
				CLANG_CXX_LIBRARY = "libc++";
				CLANG_ENABLE_MODULES = YES;
				CLANG_ENABLE_OBJC_ARC = YES;
				CLANG_WARN_BOOL_CONVERSION = YES;
				CLANG_WARN_CONSTANT_CONVERSION = YES;
				CLANG_WARN_DIRECT_OBJC_ISA_USAGE = YES_ERROR;
				CLANG_WARN_EMPTY_BODY = YES;
				CLANG_WARN_ENUM_CONVERSION = YES;
				CLANG_WARN_INT_CONVERSION = YES;
				CLANG_WARN_OBJC_ROOT_CLASS = YES_ERROR;
				CLANG_WARN_UNREACHABLE_CODE = YES;
				CLANG_WARN__DUPLICATE_METHOD_MATCH = YES;
				"CODE_SIGN_IDENTITY[sdk=iphoneos*]" = "iPhone Developer";
				COPY_PHASE_STRIP = NO;
				ENABLE_STRICT_OBJC_MSGSEND = YES;
				GCC_C_LANGUAGE_STANDARD = gnu99;
				GCC_DYNAMIC_NO_PIC = NO;
				GCC_OPTIMIZATION_LEVEL = 0;
				GCC_PREPROCESSOR_DEFINITIONS = (
					"DEBUG=1",
					"$(inherited)",
				);
				GCC_SYMBOLS_PRIVATE_EXTERN = NO;
				GCC_WARN_64_TO_32_BIT_CONVERSION = YES;
				GCC_WARN_ABOUT_RETURN_TYPE = YES_ERROR;
				GCC_WARN_UNDECLARED_SELECTOR = YES;
				GCC_WARN_UNINITIALIZED_AUTOS = YES_AGGRESSIVE;
				GCC_WARN_UNUSED_FUNCTION = YES;
				GCC_WARN_UNUSED_VARIABLE = YES;
				IPHONEOS_DEPLOYMENT_TARGET = 8.2;
				MTL_ENABLE_DEBUG_INFO = YES;
				ONLY_ACTIVE_ARCH = YES;
				SDKROOT = iphoneos;
				"SWIFT_INSTALL_OBJC_HEADER[arch=*]" = YES;
				SWIFT_OPTIMIZATION_LEVEL = "-Onone";
				TARGETED_DEVICE_FAMILY = "1,2";
			};
			name = Debug;
		};
		8C6576761AE24454003A4391 /* Release */ = {
			isa = XCBuildConfiguration;
			buildSettings = {
				ALWAYS_SEARCH_USER_PATHS = NO;
				CLANG_CXX_LANGUAGE_STANDARD = "gnu++0x";
				CLANG_CXX_LIBRARY = "libc++";
				CLANG_ENABLE_MODULES = YES;
				CLANG_ENABLE_OBJC_ARC = YES;
				CLANG_WARN_BOOL_CONVERSION = YES;
				CLANG_WARN_CONSTANT_CONVERSION = YES;
				CLANG_WARN_DIRECT_OBJC_ISA_USAGE = YES_ERROR;
				CLANG_WARN_EMPTY_BODY = YES;
				CLANG_WARN_ENUM_CONVERSION = YES;
				CLANG_WARN_INT_CONVERSION = YES;
				CLANG_WARN_OBJC_ROOT_CLASS = YES_ERROR;
				CLANG_WARN_UNREACHABLE_CODE = YES;
				CLANG_WARN__DUPLICATE_METHOD_MATCH = YES;
				"CODE_SIGN_IDENTITY[sdk=iphoneos*]" = "iPhone Developer";
				COPY_PHASE_STRIP = NO;
				ENABLE_NS_ASSERTIONS = NO;
				ENABLE_STRICT_OBJC_MSGSEND = YES;
				GCC_C_LANGUAGE_STANDARD = gnu99;
				GCC_WARN_64_TO_32_BIT_CONVERSION = YES;
				GCC_WARN_ABOUT_RETURN_TYPE = YES_ERROR;
				GCC_WARN_UNDECLARED_SELECTOR = YES;
				GCC_WARN_UNINITIALIZED_AUTOS = YES_AGGRESSIVE;
				GCC_WARN_UNUSED_FUNCTION = YES;
				GCC_WARN_UNUSED_VARIABLE = YES;
				IPHONEOS_DEPLOYMENT_TARGET = 8.2;
				MTL_ENABLE_DEBUG_INFO = NO;
				SDKROOT = iphoneos;
				TARGETED_DEVICE_FAMILY = "1,2";
				VALIDATE_PRODUCT = YES;
			};
			name = Release;
		};
		8C6576781AE24454003A4391 /* Debug */ = {
			isa = XCBuildConfiguration;
			baseConfigurationReference = DE9CB6AD9D6686A1D47CA891 /* Pods-Aria.debug.xcconfig */;
			buildSettings = {
				ASSETCATALOG_COMPILER_APPICON_NAME = AppIcon;
				INFOPLIST_FILE = Aria/Info.plist;
				LD_RUNPATH_SEARCH_PATHS = "$(inherited) @executable_path/Frameworks";
				PRODUCT_NAME = "$(TARGET_NAME)";
				"SWIFT_OBJC_BRIDGING_HEADER[arch=*]" = "Aria/Aria-Bridging-Header.h";
			};
			name = Debug;
		};
		8C6576791AE24454003A4391 /* Release */ = {
			isa = XCBuildConfiguration;
			baseConfigurationReference = 2CFCFEB4C584709E99E5BC4E /* Pods-Aria.release.xcconfig */;
			buildSettings = {
				ASSETCATALOG_COMPILER_APPICON_NAME = AppIcon;
				INFOPLIST_FILE = Aria/Info.plist;
				LD_RUNPATH_SEARCH_PATHS = "$(inherited) @executable_path/Frameworks";
				PRODUCT_NAME = "$(TARGET_NAME)";
				"SWIFT_OBJC_BRIDGING_HEADER[arch=*]" = "Aria/Aria-Bridging-Header.h";
			};
			name = Release;
		};
		8C65767B1AE24454003A4391 /* Debug */ = {
			isa = XCBuildConfiguration;
			buildSettings = {
				BUNDLE_LOADER = "$(TEST_HOST)";
				FRAMEWORK_SEARCH_PATHS = (
					"$(SDKROOT)/Developer/Library/Frameworks",
					"$(inherited)",
				);
				GCC_PREPROCESSOR_DEFINITIONS = (
					"DEBUG=1",
					"$(inherited)",
				);
				INFOPLIST_FILE = AriaTests/Info.plist;
				LD_RUNPATH_SEARCH_PATHS = "$(inherited) @executable_path/Frameworks @loader_path/Frameworks";
				PRODUCT_NAME = "$(TARGET_NAME)";
				TEST_HOST = "$(BUILT_PRODUCTS_DIR)/Aria.app/Aria";
			};
			name = Debug;
		};
		8C65767C1AE24454003A4391 /* Release */ = {
			isa = XCBuildConfiguration;
			buildSettings = {
				BUNDLE_LOADER = "$(TEST_HOST)";
				FRAMEWORK_SEARCH_PATHS = (
					"$(SDKROOT)/Developer/Library/Frameworks",
					"$(inherited)",
				);
				INFOPLIST_FILE = AriaTests/Info.plist;
				LD_RUNPATH_SEARCH_PATHS = "$(inherited) @executable_path/Frameworks @loader_path/Frameworks";
				PRODUCT_NAME = "$(TARGET_NAME)";
				TEST_HOST = "$(BUILT_PRODUCTS_DIR)/Aria.app/Aria";
			};
			name = Release;
		};
/* End XCBuildConfiguration section */

/* Begin XCConfigurationList section */
		8C6576531AE24453003A4391 /* Build configuration list for PBXProject "Aria" */ = {
			isa = XCConfigurationList;
			buildConfigurations = (
				8C6576751AE24454003A4391 /* Debug */,
				8C6576761AE24454003A4391 /* Release */,
			);
			defaultConfigurationIsVisible = 0;
			defaultConfigurationName = Release;
		};
		8C6576771AE24454003A4391 /* Build configuration list for PBXNativeTarget "Aria" */ = {
			isa = XCConfigurationList;
			buildConfigurations = (
				8C6576781AE24454003A4391 /* Debug */,
				8C6576791AE24454003A4391 /* Release */,
			);
			defaultConfigurationIsVisible = 0;
			defaultConfigurationName = Release;
		};
		8C65767A1AE24454003A4391 /* Build configuration list for PBXNativeTarget "AriaTests" */ = {
			isa = XCConfigurationList;
			buildConfigurations = (
				8C65767B1AE24454003A4391 /* Debug */,
				8C65767C1AE24454003A4391 /* Release */,
			);
			defaultConfigurationIsVisible = 0;
			defaultConfigurationName = Release;
		};
/* End XCConfigurationList section */
	};
	rootObject = 8C6576501AE24453003A4391 /* Project object */;
}
