// !$*UTF8*$!
{
	archiveVersion = 1;
	classes = {
	};
	objectVersion = 46;
	objects = {

/* Begin PBXBuildFile section */
		8C4853E81B8CFF870058A467 /* ExpenseDB.swift in Sources */ = {isa = PBXBuildFile; fileRef = 8C65767D1AE2474E003A4391 /* ExpenseDB.swift */; };
		8C5A9EF71B982BF100130156 /* GaugeViewViewController.swift in Sources */ = {isa = PBXBuildFile; fileRef = 8C5A9EF61B982BF100130156 /* GaugeViewViewController.swift */; };
		8C5A9EF91B982D1900130156 /* GaugeLayer.swift in Sources */ = {isa = PBXBuildFile; fileRef = 8C5A9EF81B982D1900130156 /* GaugeLayer.swift */; };
		8C65765E1AE24453003A4391 /* AppDelegate.swift in Sources */ = {isa = PBXBuildFile; fileRef = 8C65765D1AE24453003A4391 /* AppDelegate.swift */; };
		8C6576601AE24453003A4391 /* ViewController.swift in Sources */ = {isa = PBXBuildFile; fileRef = 8C65765F1AE24453003A4391 /* ViewController.swift */; };
		8C6576631AE24453003A4391 /* Main.storyboard in Resources */ = {isa = PBXBuildFile; fileRef = 8C6576611AE24453003A4391 /* Main.storyboard */; };
		8C6576651AE24453003A4391 /* Images.xcassets in Resources */ = {isa = PBXBuildFile; fileRef = 8C6576641AE24453003A4391 /* Images.xcassets */; };
		8C6576681AE24453003A4391 /* LaunchScreen.xib in Resources */ = {isa = PBXBuildFile; fileRef = 8C6576661AE24453003A4391 /* LaunchScreen.xib */; };
		8C6576741AE24454003A4391 /* AriaTests.swift in Sources */ = {isa = PBXBuildFile; fileRef = 8C6576731AE24454003A4391 /* AriaTests.swift */; };
		8C65767E1AE2474E003A4391 /* ExpenseDB.swift in Sources */ = {isa = PBXBuildFile; fileRef = 8C65767D1AE2474E003A4391 /* ExpenseDB.swift */; };
		8C6576801AE813E3003A4391 /* AddExpenseViewController.swift in Sources */ = {isa = PBXBuildFile; fileRef = 8C65767F1AE813E3003A4391 /* AddExpenseViewController.swift */; };
		8C6576821AE84F2E003A4391 /* exepenseDB.db in Resources */ = {isa = PBXBuildFile; fileRef = 8C6576811AE84F2E003A4391 /* exepenseDB.db */; };
		8C68AEB01AEA69F000CC5DD1 /* ExpenseHistoryTableViewController.swift in Sources */ = {isa = PBXBuildFile; fileRef = 8C68AEAF1AEA69F000CC5DD1 /* ExpenseHistoryTableViewController.swift */; };
		8CB029401B98D4960017F0FB /* blankGauge.png in Resources */ = {isa = PBXBuildFile; fileRef = 8CB0293F1B98D4960017F0FB /* blankGauge.png */; };
		8CBA24EB1AEECDB400B3289E /* CurrentStatusViewController.swift in Sources */ = {isa = PBXBuildFile; fileRef = 8CBA24EA1AEECDB400B3289E /* CurrentStatusViewController.swift */; };
		8CF8192C1AF56129008A2FDE /* libsqlite3.dylib in Frameworks */ = {isa = PBXBuildFile; fileRef = 8CF8192B1AF56129008A2FDE /* libsqlite3.dylib */; };
		8CF8193A1AF561F1008A2FDE /* FMDatabase.m in Sources */ = {isa = PBXBuildFile; fileRef = 8CF819311AF561F1008A2FDE /* FMDatabase.m */; };
		8CF8193B1AF561F1008A2FDE /* FMResultSet.m in Sources */ = {isa = PBXBuildFile; fileRef = 8CF819331AF561F1008A2FDE /* FMResultSet.m */; };
		8CF8193C1AF561F1008A2FDE /* FMDatabaseQueue.m in Sources */ = {isa = PBXBuildFile; fileRef = 8CF819351AF561F1008A2FDE /* FMDatabaseQueue.m */; };
		8CF8193D1AF561F1008A2FDE /* FMDatabaseAdditions.m in Sources */ = {isa = PBXBuildFile; fileRef = 8CF819371AF561F1008A2FDE /* FMDatabaseAdditions.m */; };
		8CF8193E1AF561F1008A2FDE /* FMDatabasePool.m in Sources */ = {isa = PBXBuildFile; fileRef = 8CF819391AF561F1008A2FDE /* FMDatabasePool.m */; };
/* End PBXBuildFile section */

/* Begin PBXContainerItemProxy section */
		8C65766E1AE24454003A4391 /* PBXContainerItemProxy */ = {
			isa = PBXContainerItemProxy;
			containerPortal = 8C6576501AE24453003A4391 /* Project object */;
			proxyType = 1;
			remoteGlobalIDString = 8C6576571AE24453003A4391;
			remoteInfo = Aria;
		};
/* End PBXContainerItemProxy section */

/* Begin PBXFileReference section */
		8C4853E41B8CF61F0058A467 /* libPods-Aria-FMDB.a */ = {isa = PBXFileReference; lastKnownFileType = archive.ar; name = "libPods-Aria-FMDB.a"; path = "Pods/../build/Debug-iphoneos/libPods-Aria-FMDB.a"; sourceTree = "<group>"; };
		8C4853E71B8CF8570058A467 /* AriaTests-Bridging-Header.h */ = {isa = PBXFileReference; lastKnownFileType = sourcecode.c.h; path = "AriaTests-Bridging-Header.h"; sourceTree = "<group>"; };
		8C5A9EF61B982BF100130156 /* GaugeViewViewController.swift */ = {isa = PBXFileReference; fileEncoding = 4; lastKnownFileType = sourcecode.swift; path = GaugeViewViewController.swift; sourceTree = "<group>"; };
		8C5A9EF81B982D1900130156 /* GaugeLayer.swift */ = {isa = PBXFileReference; fileEncoding = 4; lastKnownFileType = sourcecode.swift; path = GaugeLayer.swift; sourceTree = "<group>"; };
		8C6576581AE24453003A4391 /* Aria.app */ = {isa = PBXFileReference; explicitFileType = wrapper.application; includeInIndex = 0; path = Aria.app; sourceTree = BUILT_PRODUCTS_DIR; };
		8C65765C1AE24453003A4391 /* Info.plist */ = {isa = PBXFileReference; lastKnownFileType = text.plist.xml; path = Info.plist; sourceTree = "<group>"; };
		8C65765D1AE24453003A4391 /* AppDelegate.swift */ = {isa = PBXFileReference; lastKnownFileType = sourcecode.swift; path = AppDelegate.swift; sourceTree = "<group>"; };
		8C65765F1AE24453003A4391 /* ViewController.swift */ = {isa = PBXFileReference; lastKnownFileType = sourcecode.swift; path = ViewController.swift; sourceTree = "<group>"; };
		8C6576621AE24453003A4391 /* Base */ = {isa = PBXFileReference; lastKnownFileType = file.storyboard; name = Base; path = Base.lproj/Main.storyboard; sourceTree = "<group>"; };
		8C6576641AE24453003A4391 /* Images.xcassets */ = {isa = PBXFileReference; lastKnownFileType = folder.assetcatalog; path = Images.xcassets; sourceTree = "<group>"; };
		8C6576671AE24453003A4391 /* Base */ = {isa = PBXFileReference; lastKnownFileType = file.xib; name = Base; path = Base.lproj/LaunchScreen.xib; sourceTree = "<group>"; };
		8C65766D1AE24454003A4391 /* AriaTests.xctest */ = {isa = PBXFileReference; explicitFileType = wrapper.cfbundle; includeInIndex = 0; path = AriaTests.xctest; sourceTree = BUILT_PRODUCTS_DIR; };
		8C6576721AE24454003A4391 /* Info.plist */ = {isa = PBXFileReference; lastKnownFileType = text.plist.xml; path = Info.plist; sourceTree = "<group>"; };
		8C6576731AE24454003A4391 /* AriaTests.swift */ = {isa = PBXFileReference; lastKnownFileType = sourcecode.swift; path = AriaTests.swift; sourceTree = "<group>"; };
		8C65767D1AE2474E003A4391 /* ExpenseDB.swift */ = {isa = PBXFileReference; fileEncoding = 4; lastKnownFileType = sourcecode.swift; path = ExpenseDB.swift; sourceTree = "<group>"; };
		8C65767F1AE813E3003A4391 /* AddExpenseViewController.swift */ = {isa = PBXFileReference; fileEncoding = 4; lastKnownFileType = sourcecode.swift; path = AddExpenseViewController.swift; sourceTree = "<group>"; };
		8C6576811AE84F2E003A4391 /* exepenseDB.db */ = {isa = PBXFileReference; lastKnownFileType = file; path = exepenseDB.db; sourceTree = "<group>"; };
		8C68AEAF1AEA69F000CC5DD1 /* ExpenseHistoryTableViewController.swift */ = {isa = PBXFileReference; fileEncoding = 4; lastKnownFileType = sourcecode.swift; path = ExpenseHistoryTableViewController.swift; sourceTree = "<group>"; };
		8C68AEB11AEE553E00CC5DD1 /* Aria-Bridging-Header.h */ = {isa = PBXFileReference; fileEncoding = 4; lastKnownFileType = sourcecode.c.h; path = "Aria-Bridging-Header.h"; sourceTree = "<group>"; };
		8CB0293F1B98D4960017F0FB /* blankGauge.png */ = {isa = PBXFileReference; lastKnownFileType = image.png; name = blankGauge.png; path = Assets/blankGauge.png; sourceTree = "<group>"; };
		8CBA24EA1AEECDB400B3289E /* CurrentStatusViewController.swift */ = {isa = PBXFileReference; fileEncoding = 4; lastKnownFileType = sourcecode.swift; name = CurrentStatusViewController.swift; path = ../CurrentStatusViewController.swift; sourceTree = "<group>"; };
		8CF8192B1AF56129008A2FDE /* libsqlite3.dylib */ = {isa = PBXFileReference; lastKnownFileType = "compiled.mach-o.dylib"; name = libsqlite3.dylib; path = usr/lib/libsqlite3.dylib; sourceTree = SDKROOT; };
		8CF8192E1AF561F0008A2FDE /* Aria-Bridging-Header.h */ = {isa = PBXFileReference; lastKnownFileType = sourcecode.c.h; path = "Aria-Bridging-Header.h"; sourceTree = "<group>"; };
		8CF8192F1AF561F1008A2FDE /* FMDB.h */ = {isa = PBXFileReference; fileEncoding = 4; lastKnownFileType = sourcecode.c.h; path = FMDB.h; sourceTree = "<group>"; };
		8CF819301AF561F1008A2FDE /* FMDatabase.h */ = {isa = PBXFileReference; fileEncoding = 4; lastKnownFileType = sourcecode.c.h; path = FMDatabase.h; sourceTree = "<group>"; };
		8CF819311AF561F1008A2FDE /* FMDatabase.m */ = {isa = PBXFileReference; fileEncoding = 4; lastKnownFileType = sourcecode.c.objc; path = FMDatabase.m; sourceTree = "<group>"; };
		8CF819321AF561F1008A2FDE /* FMResultSet.h */ = {isa = PBXFileReference; fileEncoding = 4; lastKnownFileType = sourcecode.c.h; path = FMResultSet.h; sourceTree = "<group>"; };
		8CF819331AF561F1008A2FDE /* FMResultSet.m */ = {isa = PBXFileReference; fileEncoding = 4; lastKnownFileType = sourcecode.c.objc; path = FMResultSet.m; sourceTree = "<group>"; };
		8CF819341AF561F1008A2FDE /* FMDatabaseQueue.h */ = {isa = PBXFileReference; fileEncoding = 4; lastKnownFileType = sourcecode.c.h; path = FMDatabaseQueue.h; sourceTree = "<group>"; };
		8CF819351AF561F1008A2FDE /* FMDatabaseQueue.m */ = {isa = PBXFileReference; fileEncoding = 4; lastKnownFileType = sourcecode.c.objc; path = FMDatabaseQueue.m; sourceTree = "<group>"; };
		8CF819361AF561F1008A2FDE /* FMDatabaseAdditions.h */ = {isa = PBXFileReference; fileEncoding = 4; lastKnownFileType = sourcecode.c.h; path = FMDatabaseAdditions.h; sourceTree = "<group>"; };
		8CF819371AF561F1008A2FDE /* FMDatabaseAdditions.m */ = {isa = PBXFileReference; fileEncoding = 4; lastKnownFileType = sourcecode.c.objc; path = FMDatabaseAdditions.m; sourceTree = "<group>"; };
		8CF819381AF561F1008A2FDE /* FMDatabasePool.h */ = {isa = PBXFileReference; fileEncoding = 4; lastKnownFileType = sourcecode.c.h; path = FMDatabasePool.h; sourceTree = "<group>"; };
		8CF819391AF561F1008A2FDE /* FMDatabasePool.m */ = {isa = PBXFileReference; fileEncoding = 4; lastKnownFileType = sourcecode.c.objc; path = FMDatabasePool.m; sourceTree = "<group>"; };
/* End PBXFileReference section */

/* Begin PBXFrameworksBuildPhase section */
		8C6576551AE24453003A4391 /* Frameworks */ = {
			isa = PBXFrameworksBuildPhase;
			buildActionMask = 2147483647;
			files = (
				8CF8192C1AF56129008A2FDE /* libsqlite3.dylib in Frameworks */,
			);
			runOnlyForDeploymentPostprocessing = 0;
		};
		8C65766A1AE24454003A4391 /* Frameworks */ = {
			isa = PBXFrameworksBuildPhase;
			buildActionMask = 2147483647;
			files = (
			);
			runOnlyForDeploymentPostprocessing = 0;
		};
/* End PBXFrameworksBuildPhase section */

/* Begin PBXGroup section */
		8C65764F1AE24453003A4391 = {
			isa = PBXGroup;
			children = (
				8C4853E41B8CF61F0058A467 /* libPods-Aria-FMDB.a */,
				8CF8192B1AF56129008A2FDE /* libsqlite3.dylib */,
				8C65765A1AE24453003A4391 /* Aria */,
				8C6576701AE24454003A4391 /* AriaTests */,
				8C6576591AE24453003A4391 /* Products */,
			);
			sourceTree = "<group>";
		};
		8C6576591AE24453003A4391 /* Products */ = {
			isa = PBXGroup;
			children = (
				8C6576581AE24453003A4391 /* Aria.app */,
				8C65766D1AE24454003A4391 /* AriaTests.xctest */,
			);
			name = Products;
			sourceTree = "<group>";
		};
		8C65765A1AE24453003A4391 /* Aria */ = {
			isa = PBXGroup;
			children = (
				8CB0293F1B98D4960017F0FB /* blankGauge.png */,
				8CF8192D1AF561CC008A2FDE /* contrib */,
				8C6576811AE84F2E003A4391 /* exepenseDB.db */,
				8CBA24EA1AEECDB400B3289E /* CurrentStatusViewController.swift */,
				8C65765D1AE24453003A4391 /* AppDelegate.swift */,
				8C65765F1AE24453003A4391 /* ViewController.swift */,
				8C6576611AE24453003A4391 /* Main.storyboard */,
				8C6576641AE24453003A4391 /* Images.xcassets */,
				8C6576661AE24453003A4391 /* LaunchScreen.xib */,
				8C65765B1AE24453003A4391 /* Supporting Files */,
				8C65767F1AE813E3003A4391 /* AddExpenseViewController.swift */,
				8C65767D1AE2474E003A4391 /* ExpenseDB.swift */,
				8C68AEAF1AEA69F000CC5DD1 /* ExpenseHistoryTableViewController.swift */,
				8C68AEB11AEE553E00CC5DD1 /* Aria-Bridging-Header.h */,
				8C5A9EF61B982BF100130156 /* GaugeViewViewController.swift */,
				8C5A9EF81B982D1900130156 /* GaugeLayer.swift */,
			);
			path = Aria;
			sourceTree = "<group>";
		};
		8C65765B1AE24453003A4391 /* Supporting Files */ = {
			isa = PBXGroup;
			children = (
				8C65765C1AE24453003A4391 /* Info.plist */,
			);
			name = "Supporting Files";
			sourceTree = "<group>";
		};
		8C6576701AE24454003A4391 /* AriaTests */ = {
			isa = PBXGroup;
			children = (
				8C6576731AE24454003A4391 /* AriaTests.swift */,
				8C6576711AE24454003A4391 /* Supporting Files */,
				8C4853E71B8CF8570058A467 /* AriaTests-Bridging-Header.h */,
			);
			path = AriaTests;
			sourceTree = "<group>";
		};
		8C6576711AE24454003A4391 /* Supporting Files */ = {
			isa = PBXGroup;
			children = (
				8C6576721AE24454003A4391 /* Info.plist */,
			);
			name = "Supporting Files";
			sourceTree = "<group>";
		};
		8CF8192D1AF561CC008A2FDE /* contrib */ = {
			isa = PBXGroup;
			children = (
				8CF8192F1AF561F1008A2FDE /* FMDB.h */,
				8CF819301AF561F1008A2FDE /* FMDatabase.h */,
				8CF819311AF561F1008A2FDE /* FMDatabase.m */,
				8CF819321AF561F1008A2FDE /* FMResultSet.h */,
				8CF819331AF561F1008A2FDE /* FMResultSet.m */,
				8CF819341AF561F1008A2FDE /* FMDatabaseQueue.h */,
				8CF819351AF561F1008A2FDE /* FMDatabaseQueue.m */,
				8CF819361AF561F1008A2FDE /* FMDatabaseAdditions.h */,
				8CF819371AF561F1008A2FDE /* FMDatabaseAdditions.m */,
				8CF819381AF561F1008A2FDE /* FMDatabasePool.h */,
				8CF819391AF561F1008A2FDE /* FMDatabasePool.m */,
				8CF8192E1AF561F0008A2FDE /* Aria-Bridging-Header.h */,
			);
			name = contrib;
			sourceTree = "<group>";
		};
/* End PBXGroup section */

/* Begin PBXNativeTarget section */
		8C6576571AE24453003A4391 /* Aria */ = {
			isa = PBXNativeTarget;
			buildConfigurationList = 8C6576771AE24454003A4391 /* Build configuration list for PBXNativeTarget "Aria" */;
			buildPhases = (
				8C6576541AE24453003A4391 /* Sources */,
				8C6576551AE24453003A4391 /* Frameworks */,
				8C6576561AE24453003A4391 /* Resources */,
			);
			buildRules = (
			);
			dependencies = (
			);
			name = Aria;
			productName = Aria;
			productReference = 8C6576581AE24453003A4391 /* Aria.app */;
			productType = "com.apple.product-type.application";
		};
		8C65766C1AE24454003A4391 /* AriaTests */ = {
			isa = PBXNativeTarget;
			buildConfigurationList = 8C65767A1AE24454003A4391 /* Build configuration list for PBXNativeTarget "AriaTests" */;
			buildPhases = (
				8C6576691AE24454003A4391 /* Sources */,
				8C65766A1AE24454003A4391 /* Frameworks */,
				8C65766B1AE24454003A4391 /* Resources */,
			);
			buildRules = (
			);
			dependencies = (
				8C65766F1AE24454003A4391 /* PBXTargetDependency */,
			);
			name = AriaTests;
			productName = AriaTests;
			productReference = 8C65766D1AE24454003A4391 /* AriaTests.xctest */;
			productType = "com.apple.product-type.bundle.unit-test";
		};
/* End PBXNativeTarget section */

/* Begin PBXProject section */
		8C6576501AE24453003A4391 /* Project object */ = {
			isa = PBXProject;
			attributes = {
				LastSwiftMigration = 0700;
				LastSwiftUpdateCheck = 0700;
				LastUpgradeCheck = 0620;
				ORGANIZATIONNAME = OnBudget;
				TargetAttributes = {
					8C6576571AE24453003A4391 = {
						CreatedOnToolsVersion = 6.2;
					};
					8C65766C1AE24454003A4391 = {
						CreatedOnToolsVersion = 6.2;
						TestTargetID = 8C6576571AE24453003A4391;
					};
				};
			};
			buildConfigurationList = 8C6576531AE24453003A4391 /* Build configuration list for PBXProject "Aria" */;
			compatibilityVersion = "Xcode 3.2";
			developmentRegion = English;
			hasScannedForEncodings = 0;
			knownRegions = (
				en,
				Base,
			);
			mainGroup = 8C65764F1AE24453003A4391;
			productRefGroup = 8C6576591AE24453003A4391 /* Products */;
			projectDirPath = "";
			projectRoot = "";
			targets = (
				8C6576571AE24453003A4391 /* Aria */,
				8C65766C1AE24454003A4391 /* AriaTests */,
			);
		};
/* End PBXProject section */

/* Begin PBXResourcesBuildPhase section */
		8C6576561AE24453003A4391 /* Resources */ = {
			isa = PBXResourcesBuildPhase;
			buildActionMask = 2147483647;
			files = (
				8C6576821AE84F2E003A4391 /* exepenseDB.db in Resources */,
				8C6576631AE24453003A4391 /* Main.storyboard in Resources */,
				8C6576681AE24453003A4391 /* LaunchScreen.xib in Resources */,
				8C6576651AE24453003A4391 /* Images.xcassets in Resources */,
				8CB029401B98D4960017F0FB /* blankGauge.png in Resources */,
			);
			runOnlyForDeploymentPostprocessing = 0;
		};
		8C65766B1AE24454003A4391 /* Resources */ = {
			isa = PBXResourcesBuildPhase;
			buildActionMask = 2147483647;
			files = (
			);
			runOnlyForDeploymentPostprocessing = 0;
		};
/* End PBXResourcesBuildPhase section */

/* Begin PBXSourcesBuildPhase section */
		8C6576541AE24453003A4391 /* Sources */ = {
			isa = PBXSourcesBuildPhase;
			buildActionMask = 2147483647;
			files = (
				8C6576601AE24453003A4391 /* ViewController.swift in Sources */,
				8C6576801AE813E3003A4391 /* AddExpenseViewController.swift in Sources */,
				8C65765E1AE24453003A4391 /* AppDelegate.swift in Sources */,
				8C5A9EF91B982D1900130156 /* GaugeLayer.swift in Sources */,
				8CF8193A1AF561F1008A2FDE /* FMDatabase.m in Sources */,
				8CBA24EB1AEECDB400B3289E /* CurrentStatusViewController.swift in Sources */,
				8CF8193E1AF561F1008A2FDE /* FMDatabasePool.m in Sources */,
				8C65767E1AE2474E003A4391 /* ExpenseDB.swift in Sources */,
				8CF8193B1AF561F1008A2FDE /* FMResultSet.m in Sources */,
				8C68AEB01AEA69F000CC5DD1 /* ExpenseHistoryTableViewController.swift in Sources */,
				8CF8193C1AF561F1008A2FDE /* FMDatabaseQueue.m in Sources */,
				8CF8193D1AF561F1008A2FDE /* FMDatabaseAdditions.m in Sources */,
				8C5A9EF71B982BF100130156 /* GaugeViewViewController.swift in Sources */,
			);
			runOnlyForDeploymentPostprocessing = 0;
		};
		8C6576691AE24454003A4391 /* Sources */ = {
			isa = PBXSourcesBuildPhase;
			buildActionMask = 2147483647;
			files = (
				8C4853E81B8CFF870058A467 /* ExpenseDB.swift in Sources */,
				8C6576741AE24454003A4391 /* AriaTests.swift in Sources */,
			);
			runOnlyForDeploymentPostprocessing = 0;
		};
/* End PBXSourcesBuildPhase section */

/* Begin PBXTargetDependency section */
		8C65766F1AE24454003A4391 /* PBXTargetDependency */ = {
			isa = PBXTargetDependency;
			target = 8C6576571AE24453003A4391 /* Aria */;
			targetProxy = 8C65766E1AE24454003A4391 /* PBXContainerItemProxy */;
		};
/* End PBXTargetDependency section */

/* Begin PBXVariantGroup section */
		8C6576611AE24453003A4391 /* Main.storyboard */ = {
			isa = PBXVariantGroup;
			children = (
				8C6576621AE24453003A4391 /* Base */,
			);
			name = Main.storyboard;
			sourceTree = "<group>";
		};
		8C6576661AE24453003A4391 /* LaunchScreen.xib */ = {
			isa = PBXVariantGroup;
			children = (
				8C6576671AE24453003A4391 /* Base */,
			);
			name = LaunchScreen.xib;
			sourceTree = "<group>";
		};
/* End PBXVariantGroup section */

/* Begin XCBuildConfiguration section */
		8C6576751AE24454003A4391 /* Debug */ = {
			isa = XCBuildConfiguration;
			buildSettings = {
				ALWAYS_SEARCH_USER_PATHS = NO;
				CLANG_CXX_LANGUAGE_STANDARD = "gnu++0x";
				CLANG_CXX_LIBRARY = "libc++";
				CLANG_ENABLE_MODULES = YES;
				CLANG_ENABLE_OBJC_ARC = YES;
				CLANG_WARN_BOOL_CONVERSION = YES;
				CLANG_WARN_CONSTANT_CONVERSION = YES;
				CLANG_WARN_DIRECT_OBJC_ISA_USAGE = YES_ERROR;
				CLANG_WARN_EMPTY_BODY = YES;
				CLANG_WARN_ENUM_CONVERSION = YES;
				CLANG_WARN_INT_CONVERSION = YES;
				CLANG_WARN_OBJC_ROOT_CLASS = YES_ERROR;
				CLANG_WARN_UNREACHABLE_CODE = YES;
				CLANG_WARN__DUPLICATE_METHOD_MATCH = YES;
				"CODE_SIGN_IDENTITY[sdk=iphoneos*]" = "iPhone Developer";
				COPY_PHASE_STRIP = NO;
				ENABLE_STRICT_OBJC_MSGSEND = YES;
				GCC_C_LANGUAGE_STANDARD = gnu99;
				GCC_DYNAMIC_NO_PIC = NO;
				GCC_OPTIMIZATION_LEVEL = 0;
				GCC_PREPROCESSOR_DEFINITIONS = (
					"DEBUG=1",
					"$(inherited)",
				);
				GCC_SYMBOLS_PRIVATE_EXTERN = NO;
				GCC_WARN_64_TO_32_BIT_CONVERSION = YES;
				GCC_WARN_ABOUT_RETURN_TYPE = YES_ERROR;
				GCC_WARN_UNDECLARED_SELECTOR = YES;
				GCC_WARN_UNINITIALIZED_AUTOS = YES_AGGRESSIVE;
				GCC_WARN_UNUSED_FUNCTION = YES;
				GCC_WARN_UNUSED_VARIABLE = YES;
				IPHONEOS_DEPLOYMENT_TARGET = 8.2;
				MTL_ENABLE_DEBUG_INFO = YES;
				ONLY_ACTIVE_ARCH = YES;
				SDKROOT = iphoneos;
				"SWIFT_INSTALL_OBJC_HEADER[arch=*]" = YES;
				SWIFT_OPTIMIZATION_LEVEL = "-Onone";
				TARGETED_DEVICE_FAMILY = "1,2";
			};
			name = Debug;
		};
		8C6576761AE24454003A4391 /* Release */ = {
			isa = XCBuildConfiguration;
			buildSettings = {
				ALWAYS_SEARCH_USER_PATHS = NO;
				CLANG_CXX_LANGUAGE_STANDARD = "gnu++0x";
				CLANG_CXX_LIBRARY = "libc++";
				CLANG_ENABLE_MODULES = YES;
				CLANG_ENABLE_OBJC_ARC = YES;
				CLANG_WARN_BOOL_CONVERSION = YES;
				CLANG_WARN_CONSTANT_CONVERSION = YES;
				CLANG_WARN_DIRECT_OBJC_ISA_USAGE = YES_ERROR;
				CLANG_WARN_EMPTY_BODY = YES;
				CLANG_WARN_ENUM_CONVERSION = YES;
				CLANG_WARN_INT_CONVERSION = YES;
				CLANG_WARN_OBJC_ROOT_CLASS = YES_ERROR;
				CLANG_WARN_UNREACHABLE_CODE = YES;
				CLANG_WARN__DUPLICATE_METHOD_MATCH = YES;
				"CODE_SIGN_IDENTITY[sdk=iphoneos*]" = "iPhone Developer";
				COPY_PHASE_STRIP = NO;
				ENABLE_NS_ASSERTIONS = NO;
				ENABLE_STRICT_OBJC_MSGSEND = YES;
				GCC_C_LANGUAGE_STANDARD = gnu99;
				GCC_WARN_64_TO_32_BIT_CONVERSION = YES;
				GCC_WARN_ABOUT_RETURN_TYPE = YES_ERROR;
				GCC_WARN_UNDECLARED_SELECTOR = YES;
				GCC_WARN_UNINITIALIZED_AUTOS = YES_AGGRESSIVE;
				GCC_WARN_UNUSED_FUNCTION = YES;
				GCC_WARN_UNUSED_VARIABLE = YES;
				IPHONEOS_DEPLOYMENT_TARGET = 8.2;
				MTL_ENABLE_DEBUG_INFO = NO;
				SDKROOT = iphoneos;
				TARGETED_DEVICE_FAMILY = "1,2";
				VALIDATE_PRODUCT = YES;
			};
			name = Release;
		};
		8C6576781AE24454003A4391 /* Debug */ = {
			isa = XCBuildConfiguration;
			buildSettings = {
				ASSETCATALOG_COMPILER_APPICON_NAME = AppIcon;
				CLANG_ENABLE_MODULES = YES;
				INFOPLIST_FILE = Aria/Info.plist;
				LD_RUNPATH_SEARCH_PATHS = "$(inherited) @executable_path/Frameworks";
				LIBRARY_SEARCH_PATHS = (
					"$(inherited)",
					"$(PROJECT_DIR)/build/Debug-iphoneos",
				);
				PRODUCT_NAME = "$(TARGET_NAME)";
				SWIFT_OBJC_BRIDGING_HEADER = "Aria/Aria-Bridging-Header.h";
				"SWIFT_OBJC_BRIDGING_HEADER[arch=*]" = "Aria/Aria-Bridging-Header.h";
				SWIFT_OPTIMIZATION_LEVEL = "-Onone";
			};
			name = Debug;
		};
		8C6576791AE24454003A4391 /* Release */ = {
			isa = XCBuildConfiguration;
			buildSettings = {
				ASSETCATALOG_COMPILER_APPICON_NAME = AppIcon;
				CLANG_ENABLE_MODULES = YES;
				INFOPLIST_FILE = Aria/Info.plist;
				LD_RUNPATH_SEARCH_PATHS = "$(inherited) @executable_path/Frameworks";
				LIBRARY_SEARCH_PATHS = (
					"$(inherited)",
					"$(PROJECT_DIR)/build/Debug-iphoneos",
				);
				PRODUCT_NAME = "$(TARGET_NAME)";
				SWIFT_OBJC_BRIDGING_HEADER = "Aria/Aria-Bridging-Header.h";
				"SWIFT_OBJC_BRIDGING_HEADER[arch=*]" = "Aria/Aria-Bridging-Header.h";
			};
			name = Release;
		};
		8C65767B1AE24454003A4391 /* Debug */ = {
			isa = XCBuildConfiguration;
			buildSettings = {
				BUNDLE_LOADER = "$(TEST_HOST)";
				FRAMEWORK_SEARCH_PATHS = (
					"$(SDKROOT)/Developer/Library/Frameworks",
					"$(inherited)",
				);
				GCC_PREPROCESSOR_DEFINITIONS = (
					"DEBUG=1",
					"$(inherited)",
				);
				INFOPLIST_FILE = AriaTests/Info.plist;
				LD_RUNPATH_SEARCH_PATHS = "$(inherited) @executable_path/Frameworks @loader_path/Frameworks";
				PRODUCT_NAME = "$(TARGET_NAME)";
				SWIFT_OBJC_BRIDGING_HEADER = "Aria/Aria-Bridging-Header.h";
				TEST_HOST = "$(BUILT_PRODUCTS_DIR)/Aria.app/Aria";
			};
			name = Debug;
		};
		8C65767C1AE24454003A4391 /* Release */ = {
			isa = XCBuildConfiguration;
			buildSettings = {
				BUNDLE_LOADER = "$(TEST_HOST)";
				FRAMEWORK_SEARCH_PATHS = (
					"$(SDKROOT)/Developer/Library/Frameworks",
					"$(inherited)",
				);
				INFOPLIST_FILE = AriaTests/Info.plist;
				LD_RUNPATH_SEARCH_PATHS = "$(inherited) @executable_path/Frameworks @loader_path/Frameworks";
				PRODUCT_NAME = "$(TARGET_NAME)";
				SWIFT_OBJC_BRIDGING_HEADER = "Aria/Aria-Bridging-Header.h";
				TEST_HOST = "$(BUILT_PRODUCTS_DIR)/Aria.app/Aria";
			};
			name = Release;
		};
/* End XCBuildConfiguration section */

/* Begin XCConfigurationList section */
		8C6576531AE24453003A4391 /* Build configuration list for PBXProject "Aria" */ = {
			isa = XCConfigurationList;
			buildConfigurations = (
				8C6576751AE24454003A4391 /* Debug */,
				8C6576761AE24454003A4391 /* Release */,
			);
			defaultConfigurationIsVisible = 0;
			defaultConfigurationName = Release;
		};
		8C6576771AE24454003A4391 /* Build configuration list for PBXNativeTarget "Aria" */ = {
			isa = XCConfigurationList;
			buildConfigurations = (
				8C6576781AE24454003A4391 /* Debug */,
				8C6576791AE24454003A4391 /* Release */,
			);
			defaultConfigurationIsVisible = 0;
			defaultConfigurationName = Release;
		};
		8C65767A1AE24454003A4391 /* Build configuration list for PBXNativeTarget "AriaTests" */ = {
			isa = XCConfigurationList;
			buildConfigurations = (
				8C65767B1AE24454003A4391 /* Debug */,
				8C65767C1AE24454003A4391 /* Release */,
			);
			defaultConfigurationIsVisible = 0;
			defaultConfigurationName = Release;
		};
/* End XCConfigurationList section */
	};
	rootObject = 8C6576501AE24453003A4391 /* Project object */;
}
